
Microsoft Visual Studio Solution File, Format Version 12.00
# Visual Studio Version 16
VisualStudioVersion = 16.0.29509.3
MinimumVisualStudioVersion = 10.0.40219.1
Project("{888888A0-9F3D-457C-B088-3A5042F75D52}") = "McsPyDataTools", "McsPyDataTools\McsPyDataTools.pyproj", "{E1540F78-8C38-418C-AE9A-2D6DB423086C}"
EndProject
Project("{888888A0-9F3D-457C-B088-3A5042F75D52}") = "McsPyDataNotebooks", "McsPyDataNotebooks\McsPyDataNotebooks.pyproj", "{89C52854-1972-44DD-BED5-12FAB8C6FD00}"
EndProject
Global
	GlobalSection(SolutionConfigurationPlatforms) = preSolution
		Debug|Any CPU = Debug|Any CPU
		Release|Any CPU = Release|Any CPU
	EndGlobalSection
	GlobalSection(ProjectConfigurationPlatforms) = postSolution
		{E1540F78-8C38-418C-AE9A-2D6DB423086C}.Debug|Any CPU.ActiveCfg = Debug|Any CPU
		{E1540F78-8C38-418C-AE9A-2D6DB423086C}.Debug|Any CPU.Build.0 = Debug|Any CPU
		{E1540F78-8C38-418C-AE9A-2D6DB423086C}.Release|Any CPU.ActiveCfg = Release|Any CPU
		{E1540F78-8C38-418C-AE9A-2D6DB423086C}.Release|Any CPU.Build.0 = Release|Any CPU
		{89C52854-1972-44DD-BED5-12FAB8C6FD00}.Debug|Any CPU.ActiveCfg = Debug|Any CPU
		{89C52854-1972-44DD-BED5-12FAB8C6FD00}.Release|Any CPU.ActiveCfg = Release|Any CPU
	EndGlobalSection
	GlobalSection(SolutionProperties) = preSolution
		HideSolutionNode = FALSE
	EndGlobalSection
	GlobalSection(ExtensibilityGlobals) = postSolution
		SolutionGuid = {7461C045-6E75-4BB8-9CBE-6C68BD5B4446}
	EndGlobalSection
EndGlobal
